
Microsoft Visual Studio Solution File, Format Version 12.00
# Visual Studio Version 16
VisualStudioVersion = 16.0.31205.134
MinimumVisualStudioVersion = 10.0.40219.1
Project("{FAE04EC0-301F-11D3-BF4B-00C04F79EFBC}") = "Coursework_WIN", "Coursework_WIN.csproj", "{1A3400EC-912D-4D75-811E-2036902842F1}"
EndProject
Global
	GlobalSection(SolutionConfigurationPlatforms) = preSolution
		Debug|Any CPU = Debug|Any CPU
		Release|Any CPU = Release|Any CPU
	EndGlobalSection
	GlobalSection(ProjectConfigurationPlatforms) = postSolution
		{1A3400EC-912D-4D75-811E-2036902842F1}.Debug|Any CPU.ActiveCfg = Debug|Any CPU
		{1A3400EC-912D-4D75-811E-2036902842F1}.Debug|Any CPU.Build.0 = Debug|Any CPU
		{1A3400EC-912D-4D75-811E-2036902842F1}.Release|Any CPU.ActiveCfg = Release|Any CPU
		{1A3400EC-912D-4D75-811E-2036902842F1}.Release|Any CPU.Build.0 = Release|Any CPU
	EndGlobalSection
	GlobalSection(SolutionProperties) = preSolution
		HideSolutionNode = FALSE
	EndGlobalSection
	GlobalSection(ExtensibilityGlobals) = postSolution
		SolutionGuid = {FF8EAC31-E905-44CD-B1B9-2E05A06E525D}
	EndGlobalSection
EndGlobal
